
Microsoft Visual Studio Solution File, Format Version 12.00
# Visual Studio Version 16
VisualStudioVersion = 16.0.29806.167
MinimumVisualStudioVersion = 10.0.40219.1
Project("{FAE04EC0-301F-11D3-BF4B-00C04F79EFBC}") = "LivingWater.Web", "LivingWater\LivingWater.Web.csproj", "{02041F17-6BCC-4837-8C6E-7D1217DE69C1}"
EndProject
Project("{FAE04EC0-301F-11D3-BF4B-00C04F79EFBC}") = "LivingWater.Application", "LivingWater.Application\LivingWater.Application.csproj", "{7EECF851-9A48-4381-A474-E4E2446EE8E4}"
EndProject
Project("{FAE04EC0-301F-11D3-BF4B-00C04F79EFBC}") = "LivingWater.Data", "LivingWater.Data\LivingWater.Data.csproj", "{D6F9E22E-3A01-41F3-AEA6-A5985872A3CC}"
EndProject
Global
	GlobalSection(SolutionConfigurationPlatforms) = preSolution
		Debug|Any CPU = Debug|Any CPU
		Release|Any CPU = Release|Any CPU
	EndGlobalSection
	GlobalSection(ProjectConfigurationPlatforms) = postSolution
		{02041F17-6BCC-4837-8C6E-7D1217DE69C1}.Debug|Any CPU.ActiveCfg = Debug|Any CPU
		{02041F17-6BCC-4837-8C6E-7D1217DE69C1}.Debug|Any CPU.Build.0 = Debug|Any CPU
		{02041F17-6BCC-4837-8C6E-7D1217DE69C1}.Release|Any CPU.ActiveCfg = Release|Any CPU
		{02041F17-6BCC-4837-8C6E-7D1217DE69C1}.Release|Any CPU.Build.0 = Release|Any CPU
		{7EECF851-9A48-4381-A474-E4E2446EE8E4}.Debug|Any CPU.ActiveCfg = Debug|Any CPU
		{7EECF851-9A48-4381-A474-E4E2446EE8E4}.Debug|Any CPU.Build.0 = Debug|Any CPU
		{7EECF851-9A48-4381-A474-E4E2446EE8E4}.Release|Any CPU.ActiveCfg = Release|Any CPU
		{7EECF851-9A48-4381-A474-E4E2446EE8E4}.Release|Any CPU.Build.0 = Release|Any CPU
		{D6F9E22E-3A01-41F3-AEA6-A5985872A3CC}.Debug|Any CPU.ActiveCfg = Debug|Any CPU
		{D6F9E22E-3A01-41F3-AEA6-A5985872A3CC}.Debug|Any CPU.Build.0 = Debug|Any CPU
		{D6F9E22E-3A01-41F3-AEA6-A5985872A3CC}.Release|Any CPU.ActiveCfg = Release|Any CPU
		{D6F9E22E-3A01-41F3-AEA6-A5985872A3CC}.Release|Any CPU.Build.0 = Release|Any CPU
	EndGlobalSection
	GlobalSection(SolutionProperties) = preSolution
		HideSolutionNode = FALSE
	EndGlobalSection
	GlobalSection(ExtensibilityGlobals) = postSolution
		SolutionGuid = {1ADC5FE6-6E89-4129-A250-8C09C1CED28A}
	EndGlobalSection
EndGlobal
